
Microsoft Visual Studio Solution File, Format Version 12.00
# Visual Studio 14
VisualStudioVersion = 14.0.23107.0
MinimumVisualStudioVersion = 10.0.40219.1
Project("{FAE04EC0-301F-11D3-BF4B-00C04F79EFBC}") = "SteamPaver_TileCreator", "SteamPaver_TileCreator\SteamPaver_TileCreator.csproj", "{570F1EBE-E83F-483E-8E52-996B935A70EE}"
EndProject
Project("{FAE04EC0-301F-11D3-BF4B-00C04F79EFBC}") = "SteamPaver", "SteamPaver\SteamPaver.csproj", "{F0F9AC4A-3E3E-49E0-A393-4778361EAC01}"
EndProject
Global
	GlobalSection(SolutionConfigurationPlatforms) = preSolution
		Debug|Any CPU = Debug|Any CPU
		Release|Any CPU = Release|Any CPU
	EndGlobalSection
	GlobalSection(ProjectConfigurationPlatforms) = postSolution
		{570F1EBE-E83F-483E-8E52-996B935A70EE}.Debug|Any CPU.ActiveCfg = Debug|Any CPU
		{570F1EBE-E83F-483E-8E52-996B935A70EE}.Debug|Any CPU.Build.0 = Debug|Any CPU
		{570F1EBE-E83F-483E-8E52-996B935A70EE}.Release|Any CPU.ActiveCfg = Release|Any CPU
		{570F1EBE-E83F-483E-8E52-996B935A70EE}.Release|Any CPU.Build.0 = Release|Any CPU
		{F0F9AC4A-3E3E-49E0-A393-4778361EAC01}.Debug|Any CPU.ActiveCfg = Debug|Any CPU
		{F0F9AC4A-3E3E-49E0-A393-4778361EAC01}.Debug|Any CPU.Build.0 = Debug|Any CPU
		{F0F9AC4A-3E3E-49E0-A393-4778361EAC01}.Release|Any CPU.ActiveCfg = Release|Any CPU
		{F0F9AC4A-3E3E-49E0-A393-4778361EAC01}.Release|Any CPU.Build.0 = Release|Any CPU
	EndGlobalSection
	GlobalSection(SolutionProperties) = preSolution
		HideSolutionNode = FALSE
	EndGlobalSection
EndGlobal
